
Microsoft Visual Studio Solution File, Format Version 11.00
# Visual Studio 2010
Project("{FAE04EC0-301F-11D3-BF4B-00C04F79EFBC}") = "AstarPathfindingProject", "AstarPathfindingProject.csproj", "{68BE2397-7E30-F8C8-A64F-DC9016F2E139}"
EndProject
Project("{FAE04EC0-301F-11D3-BF4B-00C04F79EFBC}") = "Assembly-CSharp", "Assembly-CSharp.csproj", "{47D27650-3749-9BB4-F4CF-0665ED8E2A98}"
EndProject
Project("{FAE04EC0-301F-11D3-BF4B-00C04F79EFBC}") = "AstarPathfindingProjectEditor", "AstarPathfindingProjectEditor.csproj", "{8007EFE0-1D92-4F7C-DC34-048B2B631740}"
EndProject
Project("{FAE04EC0-301F-11D3-BF4B-00C04F79EFBC}") = "PackageToolsEditor", "PackageToolsEditor.csproj", "{89BEDE1E-583F-49EB-EDD8-BBD42FA9A9D5}"
EndProject
Global
	GlobalSection(SolutionConfigurationPlatforms) = preSolution
		Debug|Any CPU = Debug|Any CPU
		Release|Any CPU = Release|Any CPU
	EndGlobalSection
	GlobalSection(ProjectConfigurationPlatforms) = postSolution
		{68BE2397-7E30-F8C8-A64F-DC9016F2E139}.Debug|Any CPU.ActiveCfg = Debug|Any CPU
		{68BE2397-7E30-F8C8-A64F-DC9016F2E139}.Debug|Any CPU.Build.0 = Debug|Any CPU
		{68BE2397-7E30-F8C8-A64F-DC9016F2E139}.Release|Any CPU.ActiveCfg = Release|Any CPU
		{68BE2397-7E30-F8C8-A64F-DC9016F2E139}.Release|Any CPU.Build.0 = Release|Any CPU
		{47D27650-3749-9BB4-F4CF-0665ED8E2A98}.Debug|Any CPU.ActiveCfg = Debug|Any CPU
		{47D27650-3749-9BB4-F4CF-0665ED8E2A98}.Debug|Any CPU.Build.0 = Debug|Any CPU
		{47D27650-3749-9BB4-F4CF-0665ED8E2A98}.Release|Any CPU.ActiveCfg = Release|Any CPU
		{47D27650-3749-9BB4-F4CF-0665ED8E2A98}.Release|Any CPU.Build.0 = Release|Any CPU
		{8007EFE0-1D92-4F7C-DC34-048B2B631740}.Debug|Any CPU.ActiveCfg = Debug|Any CPU
		{8007EFE0-1D92-4F7C-DC34-048B2B631740}.Debug|Any CPU.Build.0 = Debug|Any CPU
		{8007EFE0-1D92-4F7C-DC34-048B2B631740}.Release|Any CPU.ActiveCfg = Release|Any CPU
		{8007EFE0-1D92-4F7C-DC34-048B2B631740}.Release|Any CPU.Build.0 = Release|Any CPU
		{89BEDE1E-583F-49EB-EDD8-BBD42FA9A9D5}.Debug|Any CPU.ActiveCfg = Debug|Any CPU
		{89BEDE1E-583F-49EB-EDD8-BBD42FA9A9D5}.Debug|Any CPU.Build.0 = Debug|Any CPU
		{89BEDE1E-583F-49EB-EDD8-BBD42FA9A9D5}.Release|Any CPU.ActiveCfg = Release|Any CPU
		{89BEDE1E-583F-49EB-EDD8-BBD42FA9A9D5}.Release|Any CPU.Build.0 = Release|Any CPU
	EndGlobalSection
	GlobalSection(SolutionProperties) = preSolution
		HideSolutionNode = FALSE
	EndGlobalSection
EndGlobal
